
Microsoft Visual Studio Solution File, Format Version 12.00
# Visual Studio 15
VisualStudioVersion = 15.0.28307.1340
MinimumVisualStudioVersion = 10.0.40219.1
Project("{FAE04EC0-301F-11D3-BF4B-00C04F79EFBC}") = "owl7829wg.StartButtonNameMenuConfirm", "owl7829wg.StartButtonNameMenuConfirm\owl7829wg.StartButtonNameMenuConfirm.csproj", "{B04F9748-F323-4E1C-94B6-F93C9E90AD98}"
EndProject
Global
	GlobalSection(SolutionConfigurationPlatforms) = preSolution
		Debug|Any CPU = Debug|Any CPU
		Release|Any CPU = Release|Any CPU
	EndGlobalSection
	GlobalSection(ProjectConfigurationPlatforms) = postSolution
		{B04F9748-F323-4E1C-94B6-F93C9E90AD98}.Debug|Any CPU.ActiveCfg = Debug|Any CPU
		{B04F9748-F323-4E1C-94B6-F93C9E90AD98}.Debug|Any CPU.Build.0 = Debug|Any CPU
		{B04F9748-F323-4E1C-94B6-F93C9E90AD98}.Release|Any CPU.ActiveCfg = Release|Any CPU
		{B04F9748-F323-4E1C-94B6-F93C9E90AD98}.Release|Any CPU.Build.0 = Release|Any CPU
	EndGlobalSection
	GlobalSection(SolutionProperties) = preSolution
		HideSolutionNode = FALSE
	EndGlobalSection
	GlobalSection(ExtensibilityGlobals) = postSolution
		SolutionGuid = {945F15EA-242B-4705-B59D-27151915473F}
	EndGlobalSection
EndGlobal
